
Microsoft Visual Studio Solution File, Format Version 12.00
# Visual Studio 15
VisualStudioVersion = 15.0.26403.3
MinimumVisualStudioVersion = 10.0.40219.1
Project("{FAE04EC0-301F-11D3-BF4B-00C04F79EFBC}") = "Utility", "Utility\Utility.csproj", "{BE955234-71BF-4567-AB1F-A4A8339F49E0}"
EndProject
Project("{FAE04EC0-301F-11D3-BF4B-00C04F79EFBC}") = "API", "API\API.csproj", "{109AC647-581D-4B9B-B8E8-E049BD6507B9}"
EndProject
Project("{FAE04EC0-301F-11D3-BF4B-00C04F79EFBC}") = "FeedTool", "Feed\FeedTool.csproj", "{A41A806B-8C78-46D2-8668-4CC3EBB3135E}"
EndProject
Global
	GlobalSection(SolutionConfigurationPlatforms) = preSolution
		Debug|Any CPU = Debug|Any CPU
		Release|Any CPU = Release|Any CPU
	EndGlobalSection
	GlobalSection(ProjectConfigurationPlatforms) = postSolution
		{BE955234-71BF-4567-AB1F-A4A8339F49E0}.Debug|Any CPU.ActiveCfg = Debug|Any CPU
		{BE955234-71BF-4567-AB1F-A4A8339F49E0}.Debug|Any CPU.Build.0 = Debug|Any CPU
		{BE955234-71BF-4567-AB1F-A4A8339F49E0}.Release|Any CPU.ActiveCfg = Release|Any CPU
		{BE955234-71BF-4567-AB1F-A4A8339F49E0}.Release|Any CPU.Build.0 = Release|Any CPU
		{109AC647-581D-4B9B-B8E8-E049BD6507B9}.Debug|Any CPU.ActiveCfg = Debug|Any CPU
		{109AC647-581D-4B9B-B8E8-E049BD6507B9}.Debug|Any CPU.Build.0 = Debug|Any CPU
		{109AC647-581D-4B9B-B8E8-E049BD6507B9}.Release|Any CPU.ActiveCfg = Release|Any CPU
		{109AC647-581D-4B9B-B8E8-E049BD6507B9}.Release|Any CPU.Build.0 = Release|Any CPU
		{A41A806B-8C78-46D2-8668-4CC3EBB3135E}.Debug|Any CPU.ActiveCfg = Debug|Any CPU
		{A41A806B-8C78-46D2-8668-4CC3EBB3135E}.Debug|Any CPU.Build.0 = Debug|Any CPU
		{A41A806B-8C78-46D2-8668-4CC3EBB3135E}.Release|Any CPU.ActiveCfg = Release|Any CPU
		{A41A806B-8C78-46D2-8668-4CC3EBB3135E}.Release|Any CPU.Build.0 = Release|Any CPU
	EndGlobalSection
	GlobalSection(SolutionProperties) = preSolution
		HideSolutionNode = FALSE
	EndGlobalSection
	GlobalSection(ExtensibilityGlobals) = postSolution
		SolutionGuid = {2ABE1726-6B00-4051-BC6F-CBFFCFA08C19}
	EndGlobalSection
EndGlobal
